
Microsoft Visual Studio Solution File, Format Version 12.00
# Visual Studio Version 17
VisualStudioVersion = 17.0.31612.314
MinimumVisualStudioVersion = 10.0.40219.1
Project("{FAE04EC0-301F-11D3-BF4B-00C04F79EFBC}") = "Arboles", "Arboles\Arboles.csproj", "{B7CDECAE-1548-4625-A551-08C16086AF25}"
EndProject
Global
	GlobalSection(SolutionConfigurationPlatforms) = preSolution
		Debug|Any CPU = Debug|Any CPU
		Release|Any CPU = Release|Any CPU
	EndGlobalSection
	GlobalSection(ProjectConfigurationPlatforms) = postSolution
		{B7CDECAE-1548-4625-A551-08C16086AF25}.Debug|Any CPU.ActiveCfg = Debug|Any CPU
		{B7CDECAE-1548-4625-A551-08C16086AF25}.Debug|Any CPU.Build.0 = Debug|Any CPU
		{B7CDECAE-1548-4625-A551-08C16086AF25}.Release|Any CPU.ActiveCfg = Release|Any CPU
		{B7CDECAE-1548-4625-A551-08C16086AF25}.Release|Any CPU.Build.0 = Release|Any CPU
	EndGlobalSection
	GlobalSection(SolutionProperties) = preSolution
		HideSolutionNode = FALSE
	EndGlobalSection
	GlobalSection(ExtensibilityGlobals) = postSolution
		SolutionGuid = {DEBAEDC6-3DA3-494D-9349-904DB00398F6}
	EndGlobalSection
EndGlobal
